
Microsoft Visual Studio Solution File, Format Version 12.00
# Visual Studio Version 16
VisualStudioVersion = 16.0.30503.244
MinimumVisualStudioVersion = 10.0.40219.1
Project("{FAE04EC0-301F-11D3-BF4B-00C04F79EFBC}") = "Reviv", "Reviv\Reviv.csproj", "{5E0A57C9-76FB-4F95-9E33-4B8CD27686F5}"
EndProject
Global
	GlobalSection(SolutionConfigurationPlatforms) = preSolution
		Debug|Any CPU = Debug|Any CPU
		Release|Any CPU = Release|Any CPU
	EndGlobalSection
	GlobalSection(ProjectConfigurationPlatforms) = postSolution
		{5E0A57C9-76FB-4F95-9E33-4B8CD27686F5}.Debug|Any CPU.ActiveCfg = Debug|Any CPU
		{5E0A57C9-76FB-4F95-9E33-4B8CD27686F5}.Debug|Any CPU.Build.0 = Debug|Any CPU
		{5E0A57C9-76FB-4F95-9E33-4B8CD27686F5}.Release|Any CPU.ActiveCfg = Release|Any CPU
		{5E0A57C9-76FB-4F95-9E33-4B8CD27686F5}.Release|Any CPU.Build.0 = Release|Any CPU
	EndGlobalSection
	GlobalSection(SolutionProperties) = preSolution
		HideSolutionNode = FALSE
	EndGlobalSection
	GlobalSection(ExtensibilityGlobals) = postSolution
		SolutionGuid = {13F2CBA2-5525-4E0B-8721-5EC300B6F285}
	EndGlobalSection
EndGlobal
